{
  "name": "@bcheidemann__test/action-validator-cli",
  "version": "0.0.0-git",
  "lockfileVersion": 2,
  "requires": true,
  "packages": {
    "": {
      "name": "@bcheidemann__test/action-validator-cli",
      "version": "0.0.0-git",
      "license": "GPL-3.0-only",
      "dependencies": {
        "chalk": "5.2.0"
      },
      "bin": {
        "action-validator": "cli.js"
      },
      "devDependencies": {
        "@bcheidemann__test/action-validator-core": "file:../core"
      },
      "peerDependencies": {
        "@bcheidemann__test/action-validator-core": "0.0.0-git"
      }
    },
    "../core": {
      "name": "@bcheidemann__test/action-validator-core",
      "version": "0.0.0-git",
      "dev": true,
      "license": "GPL-3.0-only"
    },
    "node_modules/@bcheidemann__test/action-validator-core": {
      "resolved": "../core",
      "link": true
    },
    "node_modules/chalk": {
      "version": "5.2.0",
      "resolved": "https://registry.npmjs.org/chalk/-/chalk-5.2.0.tgz",
      "integrity": "sha512-ree3Gqw/nazQAPuJJEy+avdl7QfZMcUvmHIKgEZkGL+xOBzRvup5Hxo6LHuMceSxOabuJLJm5Yp/92R9eMmMvA==",
      "engines": {
        "node": "^12.17.0 || ^14.13 || >=16.0.0"
      },
      "funding": {
        "url": "https://github.com/chalk/chalk?sponsor=1"
      }
    }
  },
  "dependencies": {
    "@bcheidemann__test/action-validator-core": {
      "version": "file:../core"
    },
    "chalk": {
      "version": "5.2.0",
      "resolved": "https://registry.npmjs.org/chalk/-/chalk-5.2.0.tgz",
      "integrity": "sha512-ree3Gqw/nazQAPuJJEy+avdl7QfZMcUvmHIKgEZkGL+xOBzRvup5Hxo6LHuMceSxOabuJLJm5Yp/92R9eMmMvA=="
    }
  }
}
